
Microsoft Visual Studio Solution File, Format Version 12.00
# Visual Studio Version 16
VisualStudioVersion = 16.0.31105.61
MinimumVisualStudioVersion = 10.0.40219.1
Project("{9A19103F-16F7-4668-BE54-9A1E7A4F7556}") = "ClassLibrary", "ClassLibrary\ClassLibrary.csproj", "{90172F53-FDD2-4584-BF7A-B0EE62A40C25}"
EndProject
Project("{9A19103F-16F7-4668-BE54-9A1E7A4F7556}") = "Tests", "Tests\Tests.csproj", "{3D0FCBB6-C5F2-4231-8D4F-E8D608B75885}"
EndProject
Global
	GlobalSection(SolutionConfigurationPlatforms) = preSolution
		Debug|Any CPU = Debug|Any CPU
		Release|Any CPU = Release|Any CPU
	EndGlobalSection
	GlobalSection(ProjectConfigurationPlatforms) = postSolution
		{90172F53-FDD2-4584-BF7A-B0EE62A40C25}.Debug|Any CPU.ActiveCfg = Debug|Any CPU
		{90172F53-FDD2-4584-BF7A-B0EE62A40C25}.Debug|Any CPU.Build.0 = Debug|Any CPU
		{90172F53-FDD2-4584-BF7A-B0EE62A40C25}.Release|Any CPU.ActiveCfg = Release|Any CPU
		{90172F53-FDD2-4584-BF7A-B0EE62A40C25}.Release|Any CPU.Build.0 = Release|Any CPU
		{3D0FCBB6-C5F2-4231-8D4F-E8D608B75885}.Debug|Any CPU.ActiveCfg = Debug|Any CPU
		{3D0FCBB6-C5F2-4231-8D4F-E8D608B75885}.Debug|Any CPU.Build.0 = Debug|Any CPU
		{3D0FCBB6-C5F2-4231-8D4F-E8D608B75885}.Release|Any CPU.ActiveCfg = Release|Any CPU
		{3D0FCBB6-C5F2-4231-8D4F-E8D608B75885}.Release|Any CPU.Build.0 = Release|Any CPU
	EndGlobalSection
	GlobalSection(SolutionProperties) = preSolution
		HideSolutionNode = FALSE
	EndGlobalSection
	GlobalSection(ExtensibilityGlobals) = postSolution
		SolutionGuid = {5C10BCC4-B9D4-4F89-899C-367035870B33}
	EndGlobalSection
EndGlobal
